
Microsoft Visual Studio Solution File, Format Version 12.00
# Visual Studio 15
VisualStudioVersion = 15.0.26730.10
MinimumVisualStudioVersion = 10.0.40219.1

Project("{D954291E-2A0B-460D-934E-DC6B0785DB48}") = "Homework1", "Homework1\Homework1\Homework1.shproj", "{05999136-8EFC-4266-A4AB-2CAB1EB7108C}"
EndProject


Project("{FAE04EC0-301F-11D3-BF4B-00C04F79EFBC}") = "Homework1.iOS", "Homework1\Homework1.iOS\Homework1.iOS.csproj", "{9FB03746-030C-4512-8B97-70CCF400715F}"
EndProject


Project("{FAE04EC0-301F-11D3-BF4B-00C04F79EFBC}") = "Homework1.Android", "Homework1\Homework1.Android\Homework1.Android.csproj", "{83FBABBC-8D02-406B-80B8-8D5AE7983E94}"
EndProject

Project("{FAE04EC0-301F-11D3-BF4B-00C04F79EFBC}") = "Homework1.UWP", "Homework1\Homework1.UWP\Homework1.UWP.csproj", "{A7B47768-9D52-4622-924D-F47C12BEC220}"
EndProject

Global
	GlobalSection(SolutionConfigurationPlatforms) = preSolution
		Ad-Hoc|Any CPU = Ad-Hoc|Any CPU
		Ad-Hoc|ARM = Ad-Hoc|ARM
		Ad-Hoc|iPhone = Ad-Hoc|iPhone
		Ad-Hoc|iPhoneSimulator = Ad-Hoc|iPhoneSimulator
		Ad-Hoc|x64 = Ad-Hoc|x64
		Ad-Hoc|x86 = Ad-Hoc|x86
		AppStore|Any CPU = AppStore|Any CPU
		AppStore|ARM = AppStore|ARM
		AppStore|iPhone = AppStore|iPhone
		AppStore|iPhoneSimulator = AppStore|iPhoneSimulator
		AppStore|x64 = AppStore|x64
		AppStore|x86 = AppStore|x86
		Debug|Any CPU = Debug|Any CPU
		Debug|ARM = Debug|ARM
		Debug|iPhone = Debug|iPhone
		Debug|iPhoneSimulator = Debug|iPhoneSimulator
		Debug|x64 = Debug|x64
		Debug|x86 = Debug|x86
		Release|Any CPU = Release|Any CPU
		Release|ARM = Release|ARM
		Release|iPhone = Release|iPhone
		Release|iPhoneSimulator = Release|iPhoneSimulator
		Release|x64 = Release|x64
		Release|x86 = Release|x86
	EndGlobalSection
	GlobalSection(ProjectConfigurationPlatforms) = postSolution
		{2C3369CE-809F-477E-ADA4-10C48817AD9F}.Ad-Hoc|Any CPU.ActiveCfg = Debug|Any CPU
		{2C3369CE-809F-477E-ADA4-10C48817AD9F}.Ad-Hoc|Any CPU.Build.0 = Debug|Any CPU
		{2C3369CE-809F-477E-ADA4-10C48817AD9F}.Ad-Hoc|ARM.ActiveCfg = Debug|Any CPU
		{2C3369CE-809F-477E-ADA4-10C48817AD9F}.Ad-Hoc|ARM.Build.0 = Debug|Any CPU
		{2C3369CE-809F-477E-ADA4-10C48817AD9F}.Ad-Hoc|iPhone.ActiveCfg = Debug|Any CPU
		{2C3369CE-809F-477E-ADA4-10C48817AD9F}.Ad-Hoc|iPhone.Build.0 = Debug|Any CPU
		{2C3369CE-809F-477E-ADA4-10C48817AD9F}.Ad-Hoc|iPhoneSimulator.ActiveCfg = Debug|Any CPU
		{2C3369CE-809F-477E-ADA4-10C48817AD9F}.Ad-Hoc|iPhoneSimulator.Build.0 = Debug|Any CPU
		{2C3369CE-809F-477E-ADA4-10C48817AD9F}.Ad-Hoc|x64.ActiveCfg = Debug|Any CPU
		{2C3369CE-809F-477E-ADA4-10C48817AD9F}.Ad-Hoc|x64.Build.0 = Debug|Any CPU
		{2C3369CE-809F-477E-ADA4-10C48817AD9F}.Ad-Hoc|x86.ActiveCfg = Debug|Any CPU
		{2C3369CE-809F-477E-ADA4-10C48817AD9F}.Ad-Hoc|x86.Build.0 = Debug|Any CPU
		{2C3369CE-809F-477E-ADA4-10C48817AD9F}.AppStore|Any CPU.ActiveCfg = Debug|Any CPU
		{2C3369CE-809F-477E-ADA4-10C48817AD9F}.AppStore|Any CPU.Build.0 = Debug|Any CPU
		{2C3369CE-809F-477E-ADA4-10C48817AD9F}.AppStore|ARM.ActiveCfg = Debug|Any CPU
		{2C3369CE-809F-477E-ADA4-10C48817AD9F}.AppStore|ARM.Build.0 = Debug|Any CPU
		{2C3369CE-809F-477E-ADA4-10C48817AD9F}.AppStore|iPhone.ActiveCfg = Debug|Any CPU
		{2C3369CE-809F-477E-ADA4-10C48817AD9F}.AppStore|iPhone.Build.0 = Debug|Any CPU
		{2C3369CE-809F-477E-ADA4-10C48817AD9F}.AppStore|iPhoneSimulator.ActiveCfg = Debug|Any CPU
		{2C3369CE-809F-477E-ADA4-10C48817AD9F}.AppStore|iPhoneSimulator.Build.0 = Debug|Any CPU
		{2C3369CE-809F-477E-ADA4-10C48817AD9F}.AppStore|x64.ActiveCfg = Debug|Any CPU
		{2C3369CE-809F-477E-ADA4-10C48817AD9F}.AppStore|x64.Build.0 = Debug|Any CPU
		{2C3369CE-809F-477E-ADA4-10C48817AD9F}.AppStore|x86.ActiveCfg = Debug|Any CPU
		{2C3369CE-809F-477E-ADA4-10C48817AD9F}.AppStore|x86.Build.0 = Debug|Any CPU
		{2C3369CE-809F-477E-ADA4-10C48817AD9F}.Debug|Any CPU.ActiveCfg = Debug|Any CPU
		{2C3369CE-809F-477E-ADA4-10C48817AD9F}.Debug|Any CPU.Build.0 = Debug|Any CPU
		{2C3369CE-809F-477E-ADA4-10C48817AD9F}.Debug|ARM.ActiveCfg = Debug|Any CPU
		{2C3369CE-809F-477E-ADA4-10C48817AD9F}.Debug|ARM.Build.0 = Debug|Any CPU
		{2C3369CE-809F-477E-ADA4-10C48817AD9F}.Debug|iPhone.ActiveCfg = Debug|Any CPU
		{2C3369CE-809F-477E-ADA4-10C48817AD9F}.Debug|iPhone.Build.0 = Debug|Any CPU
		{2C3369CE-809F-477E-ADA4-10C48817AD9F}.Debug|iPhoneSimulator.ActiveCfg = Debug|Any CPU
		{2C3369CE-809F-477E-ADA4-10C48817AD9F}.Debug|iPhoneSimulator.Build.0 = Debug|Any CPU
		{2C3369CE-809F-477E-ADA4-10C48817AD9F}.Debug|x64.ActiveCfg = Debug|Any CPU
		{2C3369CE-809F-477E-ADA4-10C48817AD9F}.Debug|x64.Build.0 = Debug|Any CPU
		{2C3369CE-809F-477E-ADA4-10C48817AD9F}.Debug|x86.ActiveCfg = Debug|Any CPU
		{2C3369CE-809F-477E-ADA4-10C48817AD9F}.Debug|x86.Build.0 = Debug|Any CPU
		{2C3369CE-809F-477E-ADA4-10C48817AD9F}.Release|Any CPU.ActiveCfg = Release|Any CPU
		{2C3369CE-809F-477E-ADA4-10C48817AD9F}.Release|Any CPU.Build.0 = Release|Any CPU
		{2C3369CE-809F-477E-ADA4-10C48817AD9F}.Release|ARM.ActiveCfg = Release|Any CPU
		{2C3369CE-809F-477E-ADA4-10C48817AD9F}.Release|ARM.Build.0 = Release|Any CPU
		{2C3369CE-809F-477E-ADA4-10C48817AD9F}.Release|iPhone.ActiveCfg = Release|Any CPU
		{2C3369CE-809F-477E-ADA4-10C48817AD9F}.Release|iPhone.Build.0 = Release|Any CPU
		{2C3369CE-809F-477E-ADA4-10C48817AD9F}.Release|iPhoneSimulator.ActiveCfg = Release|Any CPU
		{2C3369CE-809F-477E-ADA4-10C48817AD9F}.Release|iPhoneSimulator.Build.0 = Release|Any CPU
		{2C3369CE-809F-477E-ADA4-10C48817AD9F}.Release|x64.ActiveCfg = Release|Any CPU
		{2C3369CE-809F-477E-ADA4-10C48817AD9F}.Release|x64.Build.0 = Release|Any CPU
		{2C3369CE-809F-477E-ADA4-10C48817AD9F}.Release|x86.ActiveCfg = Release|Any CPU
		{2C3369CE-809F-477E-ADA4-10C48817AD9F}.Release|x86.Build.0 = Release|Any CPU
		{9FB03746-030C-4512-8B97-70CCF400715F}.Ad-Hoc|Any CPU.ActiveCfg = Ad-Hoc|iPhone
		{9FB03746-030C-4512-8B97-70CCF400715F}.Ad-Hoc|ARM.ActiveCfg = Ad-Hoc|iPhone
		{9FB03746-030C-4512-8B97-70CCF400715F}.Ad-Hoc|iPhone.ActiveCfg = Ad-Hoc|iPhone
		{9FB03746-030C-4512-8B97-70CCF400715F}.Ad-Hoc|iPhone.Build.0 = Ad-Hoc|iPhone
		{9FB03746-030C-4512-8B97-70CCF400715F}.Ad-Hoc|iPhoneSimulator.ActiveCfg = Ad-Hoc|iPhoneSimulator
		{9FB03746-030C-4512-8B97-70CCF400715F}.Ad-Hoc|iPhoneSimulator.Build.0 = Ad-Hoc|iPhoneSimulator
		{9FB03746-030C-4512-8B97-70CCF400715F}.Ad-Hoc|x64.ActiveCfg = Ad-Hoc|iPhone
		{9FB03746-030C-4512-8B97-70CCF400715F}.Ad-Hoc|x86.ActiveCfg = Ad-Hoc|iPhone
		{9FB03746-030C-4512-8B97-70CCF400715F}.AppStore|Any CPU.ActiveCfg = AppStore|iPhone
		{9FB03746-030C-4512-8B97-70CCF400715F}.AppStore|ARM.ActiveCfg = AppStore|iPhone
		{9FB03746-030C-4512-8B97-70CCF400715F}.AppStore|iPhone.ActiveCfg = AppStore|iPhone
		{9FB03746-030C-4512-8B97-70CCF400715F}.AppStore|iPhone.Build.0 = AppStore|iPhone
		{9FB03746-030C-4512-8B97-70CCF400715F}.AppStore|iPhoneSimulator.ActiveCfg = AppStore|iPhoneSimulator
		{9FB03746-030C-4512-8B97-70CCF400715F}.AppStore|iPhoneSimulator.Build.0 = AppStore|iPhoneSimulator
		{9FB03746-030C-4512-8B97-70CCF400715F}.AppStore|x64.ActiveCfg = AppStore|iPhone
		{9FB03746-030C-4512-8B97-70CCF400715F}.AppStore|x86.ActiveCfg = AppStore|iPhone
		{9FB03746-030C-4512-8B97-70CCF400715F}.Debug|Any CPU.ActiveCfg = Debug|iPhone
		{9FB03746-030C-4512-8B97-70CCF400715F}.Debug|ARM.ActiveCfg = Debug|iPhone
		{9FB03746-030C-4512-8B97-70CCF400715F}.Debug|iPhone.ActiveCfg = Debug|iPhone
		{9FB03746-030C-4512-8B97-70CCF400715F}.Debug|iPhone.Build.0 = Debug|iPhone
		{9FB03746-030C-4512-8B97-70CCF400715F}.Debug|iPhoneSimulator.ActiveCfg = Debug|iPhoneSimulator
		{9FB03746-030C-4512-8B97-70CCF400715F}.Debug|iPhoneSimulator.Build.0 = Debug|iPhoneSimulator
		{9FB03746-030C-4512-8B97-70CCF400715F}.Debug|x64.ActiveCfg = Debug|iPhone
		{9FB03746-030C-4512-8B97-70CCF400715F}.Debug|x86.ActiveCfg = Debug|iPhone
		{9FB03746-030C-4512-8B97-70CCF400715F}.Release|Any CPU.ActiveCfg = Release|iPhone
		{9FB03746-030C-4512-8B97-70CCF400715F}.Release|ARM.ActiveCfg = Release|iPhone
		{9FB03746-030C-4512-8B97-70CCF400715F}.Release|iPhone.ActiveCfg = Release|iPhone
		{9FB03746-030C-4512-8B97-70CCF400715F}.Release|iPhone.Build.0 = Release|iPhone
		{9FB03746-030C-4512-8B97-70CCF400715F}.Release|iPhoneSimulator.ActiveCfg = Release|iPhoneSimulator
		{9FB03746-030C-4512-8B97-70CCF400715F}.Release|iPhoneSimulator.Build.0 = Release|iPhoneSimulator
		{9FB03746-030C-4512-8B97-70CCF400715F}.Release|x64.ActiveCfg = Release|iPhone
		{9FB03746-030C-4512-8B97-70CCF400715F}.Release|x86.ActiveCfg = Release|iPhone
		{A7B47768-9D52-4622-924D-F47C12BEC220}.Ad-Hoc|Any CPU.ActiveCfg = Release|x86
		{A7B47768-9D52-4622-924D-F47C12BEC220}.Ad-Hoc|Any CPU.Build.0 = Release|x86
		{A7B47768-9D52-4622-924D-F47C12BEC220}.Ad-Hoc|Any CPU.Deploy.0 = Release|x86
		{A7B47768-9D52-4622-924D-F47C12BEC220}.Ad-Hoc|ARM.ActiveCfg = Release|ARM
		{A7B47768-9D52-4622-924D-F47C12BEC220}.Ad-Hoc|ARM.Build.0 = Release|ARM
		{A7B47768-9D52-4622-924D-F47C12BEC220}.Ad-Hoc|ARM.Deploy.0 = Release|ARM
		{A7B47768-9D52-4622-924D-F47C12BEC220}.Ad-Hoc|iPhone.ActiveCfg = Release|x86
		{A7B47768-9D52-4622-924D-F47C12BEC220}.Ad-Hoc|iPhone.Build.0 = Release|x86
		{A7B47768-9D52-4622-924D-F47C12BEC220}.Ad-Hoc|iPhone.Deploy.0 = Release|x86
		{A7B47768-9D52-4622-924D-F47C12BEC220}.Ad-Hoc|iPhoneSimulator.ActiveCfg = Release|x86
		{A7B47768-9D52-4622-924D-F47C12BEC220}.Ad-Hoc|iPhoneSimulator.Build.0 = Release|x86
		{A7B47768-9D52-4622-924D-F47C12BEC220}.Ad-Hoc|iPhoneSimulator.Deploy.0 = Release|x86
		{A7B47768-9D52-4622-924D-F47C12BEC220}.Ad-Hoc|x64.ActiveCfg = Release|x64
		{A7B47768-9D52-4622-924D-F47C12BEC220}.Ad-Hoc|x64.Build.0 = Release|x64
		{A7B47768-9D52-4622-924D-F47C12BEC220}.Ad-Hoc|x64.Deploy.0 = Release|x64
		{A7B47768-9D52-4622-924D-F47C12BEC220}.Ad-Hoc|x86.ActiveCfg = Release|x86
		{A7B47768-9D52-4622-924D-F47C12BEC220}.Ad-Hoc|x86.Build.0 = Release|x86
		{A7B47768-9D52-4622-924D-F47C12BEC220}.Ad-Hoc|x86.Deploy.0 = Release|x86
		{A7B47768-9D52-4622-924D-F47C12BEC220}.AppStore|Any CPU.ActiveCfg = Release|x86
		{A7B47768-9D52-4622-924D-F47C12BEC220}.AppStore|Any CPU.Build.0 = Release|x86
		{A7B47768-9D52-4622-924D-F47C12BEC220}.AppStore|Any CPU.Deploy.0 = Release|x86
		{A7B47768-9D52-4622-924D-F47C12BEC220}.AppStore|ARM.ActiveCfg = Release|ARM
		{A7B47768-9D52-4622-924D-F47C12BEC220}.AppStore|ARM.Build.0 = Release|ARM
		{A7B47768-9D52-4622-924D-F47C12BEC220}.AppStore|ARM.Deploy.0 = Release|ARM
		{A7B47768-9D52-4622-924D-F47C12BEC220}.AppStore|iPhone.ActiveCfg = Release|x86
		{A7B47768-9D52-4622-924D-F47C12BEC220}.AppStore|iPhone.Build.0 = Release|x86
		{A7B47768-9D52-4622-924D-F47C12BEC220}.AppStore|iPhone.Deploy.0 = Release|x86
		{A7B47768-9D52-4622-924D-F47C12BEC220}.AppStore|iPhoneSimulator.ActiveCfg = Release|x86
		{A7B47768-9D52-4622-924D-F47C12BEC220}.AppStore|iPhoneSimulator.Build.0 = Release|x86
		{A7B47768-9D52-4622-924D-F47C12BEC220}.AppStore|iPhoneSimulator.Deploy.0 = Release|x86
		{A7B47768-9D52-4622-924D-F47C12BEC220}.AppStore|x64.ActiveCfg = Release|x64
		{A7B47768-9D52-4622-924D-F47C12BEC220}.AppStore|x64.Build.0 = Release|x64
		{A7B47768-9D52-4622-924D-F47C12BEC220}.AppStore|x64.Deploy.0 = Release|x64
		{A7B47768-9D52-4622-924D-F47C12BEC220}.AppStore|x86.ActiveCfg = Release|x86
		{A7B47768-9D52-4622-924D-F47C12BEC220}.AppStore|x86.Build.0 = Release|x86
		{A7B47768-9D52-4622-924D-F47C12BEC220}.AppStore|x86.Deploy.0 = Release|x86
		{A7B47768-9D52-4622-924D-F47C12BEC220}.Debug|Any CPU.ActiveCfg = Debug|x86
		{A7B47768-9D52-4622-924D-F47C12BEC220}.Debug|ARM.ActiveCfg = Debug|ARM
		{A7B47768-9D52-4622-924D-F47C12BEC220}.Debug|ARM.Build.0 = Debug|ARM
		{A7B47768-9D52-4622-924D-F47C12BEC220}.Debug|ARM.Deploy.0 = Debug|ARM
		{A7B47768-9D52-4622-924D-F47C12BEC220}.Debug|iPhone.ActiveCfg = Debug|x86
		{A7B47768-9D52-4622-924D-F47C12BEC220}.Debug|iPhoneSimulator.ActiveCfg = Debug|x86
		{A7B47768-9D52-4622-924D-F47C12BEC220}.Debug|x64.ActiveCfg = Debug|x64
		{A7B47768-9D52-4622-924D-F47C12BEC220}.Debug|x64.Build.0 = Debug|x64
		{A7B47768-9D52-4622-924D-F47C12BEC220}.Debug|x64.Deploy.0 = Debug|x64
		{A7B47768-9D52-4622-924D-F47C12BEC220}.Debug|x86.ActiveCfg = Debug|x86
		{A7B47768-9D52-4622-924D-F47C12BEC220}.Debug|x86.Build.0 = Debug|x86
		{A7B47768-9D52-4622-924D-F47C12BEC220}.Debug|x86.Deploy.0 = Debug|x86
		{A7B47768-9D52-4622-924D-F47C12BEC220}.Release|Any CPU.ActiveCfg = Release|x86
		{A7B47768-9D52-4622-924D-F47C12BEC220}.Release|ARM.ActiveCfg = Release|ARM
		{A7B47768-9D52-4622-924D-F47C12BEC220}.Release|ARM.Build.0 = Release|ARM
		{A7B47768-9D52-4622-924D-F47C12BEC220}.Release|ARM.Deploy.0 = Release|ARM
		{A7B47768-9D52-4622-924D-F47C12BEC220}.Release|iPhone.ActiveCfg = Release|x86
		{A7B47768-9D52-4622-924D-F47C12BEC220}.Release|iPhoneSimulator.ActiveCfg = Release|x86
		{A7B47768-9D52-4622-924D-F47C12BEC220}.Release|x64.ActiveCfg = Release|x64
		{A7B47768-9D52-4622-924D-F47C12BEC220}.Release|x64.Build.0 = Release|x64
		{A7B47768-9D52-4622-924D-F47C12BEC220}.Release|x64.Deploy.0 = Release|x64
		{A7B47768-9D52-4622-924D-F47C12BEC220}.Release|x86.ActiveCfg = Release|x86
		{A7B47768-9D52-4622-924D-F47C12BEC220}.Release|x86.Build.0 = Release|x86
		{A7B47768-9D52-4622-924D-F47C12BEC220}.Release|x86.Deploy.0 = Release|x86
		{20FDA6ED-B68E-4610-807B-F358668F181E}.Ad-Hoc|Any CPU.ActiveCfg = Release|Any CPU
		{20FDA6ED-B68E-4610-807B-F358668F181E}.Ad-Hoc|Any CPU.Build.0 = Release|Any CPU
		{20FDA6ED-B68E-4610-807B-F358668F181E}.Ad-Hoc|Any CPU.Deploy.0 = Release|Any CPU
		{20FDA6ED-B68E-4610-807B-F358668F181E}.Ad-Hoc|ARM.ActiveCfg = Release|Any CPU
		{20FDA6ED-B68E-4610-807B-F358668F181E}.Ad-Hoc|ARM.Build.0 = Release|Any CPU
		{20FDA6ED-B68E-4610-807B-F358668F181E}.Ad-Hoc|ARM.Deploy.0 = Release|Any CPU
		{20FDA6ED-B68E-4610-807B-F358668F181E}.Ad-Hoc|iPhone.ActiveCfg = Release|Any CPU
		{20FDA6ED-B68E-4610-807B-F358668F181E}.Ad-Hoc|iPhone.Build.0 = Release|Any CPU
		{20FDA6ED-B68E-4610-807B-F358668F181E}.Ad-Hoc|iPhone.Deploy.0 = Release|Any CPU
		{20FDA6ED-B68E-4610-807B-F358668F181E}.Ad-Hoc|iPhoneSimulator.ActiveCfg = Release|Any CPU
		{20FDA6ED-B68E-4610-807B-F358668F181E}.Ad-Hoc|iPhoneSimulator.Build.0 = Release|Any CPU
		{20FDA6ED-B68E-4610-807B-F358668F181E}.Ad-Hoc|iPhoneSimulator.Deploy.0 = Release|Any CPU
		{20FDA6ED-B68E-4610-807B-F358668F181E}.Ad-Hoc|x64.ActiveCfg = Release|Any CPU
		{20FDA6ED-B68E-4610-807B-F358668F181E}.Ad-Hoc|x64.Build.0 = Release|Any CPU
		{20FDA6ED-B68E-4610-807B-F358668F181E}.Ad-Hoc|x64.Deploy.0 = Release|Any CPU
		{20FDA6ED-B68E-4610-807B-F358668F181E}.Ad-Hoc|x86.ActiveCfg = Release|Any CPU
		{20FDA6ED-B68E-4610-807B-F358668F181E}.Ad-Hoc|x86.Build.0 = Release|Any CPU
		{20FDA6ED-B68E-4610-807B-F358668F181E}.Ad-Hoc|x86.Deploy.0 = Release|Any CPU
		{20FDA6ED-B68E-4610-807B-F358668F181E}.AppStore|Any CPU.ActiveCfg = Release|Any CPU
		{20FDA6ED-B68E-4610-807B-F358668F181E}.AppStore|Any CPU.Build.0 = Release|Any CPU
		{20FDA6ED-B68E-4610-807B-F358668F181E}.AppStore|Any CPU.Deploy.0 = Release|Any CPU
		{20FDA6ED-B68E-4610-807B-F358668F181E}.AppStore|ARM.ActiveCfg = Release|Any CPU
		{20FDA6ED-B68E-4610-807B-F358668F181E}.AppStore|ARM.Build.0 = Release|Any CPU
		{20FDA6ED-B68E-4610-807B-F358668F181E}.AppStore|ARM.Deploy.0 = Release|Any CPU
		{20FDA6ED-B68E-4610-807B-F358668F181E}.AppStore|iPhone.ActiveCfg = Release|Any CPU
		{20FDA6ED-B68E-4610-807B-F358668F181E}.AppStore|iPhone.Build.0 = Release|Any CPU
		{20FDA6ED-B68E-4610-807B-F358668F181E}.AppStore|iPhone.Deploy.0 = Release|Any CPU
		{20FDA6ED-B68E-4610-807B-F358668F181E}.AppStore|iPhoneSimulator.ActiveCfg = Release|Any CPU
		{20FDA6ED-B68E-4610-807B-F358668F181E}.AppStore|iPhoneSimulator.Build.0 = Release|Any CPU
		{20FDA6ED-B68E-4610-807B-F358668F181E}.AppStore|iPhoneSimulator.Deploy.0 = Release|Any CPU
		{20FDA6ED-B68E-4610-807B-F358668F181E}.AppStore|x64.ActiveCfg = Release|Any CPU
		{20FDA6ED-B68E-4610-807B-F358668F181E}.AppStore|x64.Build.0 = Release|Any CPU
		{20FDA6ED-B68E-4610-807B-F358668F181E}.AppStore|x64.Deploy.0 = Release|Any CPU
		{20FDA6ED-B68E-4610-807B-F358668F181E}.AppStore|x86.ActiveCfg = Release|Any CPU
		{20FDA6ED-B68E-4610-807B-F358668F181E}.AppStore|x86.Build.0 = Release|Any CPU
		{20FDA6ED-B68E-4610-807B-F358668F181E}.AppStore|x86.Deploy.0 = Release|Any CPU
		{20FDA6ED-B68E-4610-807B-F358668F181E}.Debug|Any CPU.ActiveCfg = Debug|Any CPU
		{20FDA6ED-B68E-4610-807B-F358668F181E}.Debug|Any CPU.Build.0 = Debug|Any CPU
		{20FDA6ED-B68E-4610-807B-F358668F181E}.Debug|Any CPU.Deploy.0 = Debug|Any CPU
		{20FDA6ED-B68E-4610-807B-F358668F181E}.Debug|ARM.ActiveCfg = Debug|Any CPU
		{20FDA6ED-B68E-4610-807B-F358668F181E}.Debug|ARM.Build.0 = Debug|Any CPU
		{20FDA6ED-B68E-4610-807B-F358668F181E}.Debug|ARM.Deploy.0 = Debug|Any CPU
		{20FDA6ED-B68E-4610-807B-F358668F181E}.Debug|iPhone.ActiveCfg = Debug|Any CPU
		{20FDA6ED-B68E-4610-807B-F358668F181E}.Debug|iPhone.Build.0 = Debug|Any CPU
		{20FDA6ED-B68E-4610-807B-F358668F181E}.Debug|iPhone.Deploy.0 = Debug|Any CPU
		{20FDA6ED-B68E-4610-807B-F358668F181E}.Debug|iPhoneSimulator.ActiveCfg = Debug|Any CPU
		{20FDA6ED-B68E-4610-807B-F358668F181E}.Debug|iPhoneSimulator.Build.0 = Debug|Any CPU
		{20FDA6ED-B68E-4610-807B-F358668F181E}.Debug|iPhoneSimulator.Deploy.0 = Debug|Any CPU
		{20FDA6ED-B68E-4610-807B-F358668F181E}.Debug|x64.ActiveCfg = Debug|Any CPU
		{20FDA6ED-B68E-4610-807B-F358668F181E}.Debug|x64.Build.0 = Debug|Any CPU
		{20FDA6ED-B68E-4610-807B-F358668F181E}.Debug|x64.Deploy.0 = Debug|Any CPU
		{20FDA6ED-B68E-4610-807B-F358668F181E}.Debug|x86.ActiveCfg = Debug|Any CPU
		{20FDA6ED-B68E-4610-807B-F358668F181E}.Debug|x86.Build.0 = Debug|Any CPU
		{20FDA6ED-B68E-4610-807B-F358668F181E}.Debug|x86.Deploy.0 = Debug|Any CPU
		{20FDA6ED-B68E-4610-807B-F358668F181E}.Release|Any CPU.ActiveCfg = Release|Any CPU
		{20FDA6ED-B68E-4610-807B-F358668F181E}.Release|Any CPU.Build.0 = Release|Any CPU
		{20FDA6ED-B68E-4610-807B-F358668F181E}.Release|Any CPU.Deploy.0 = Release|Any CPU
		{20FDA6ED-B68E-4610-807B-F358668F181E}.Release|ARM.ActiveCfg = Release|Any CPU
		{20FDA6ED-B68E-4610-807B-F358668F181E}.Release|ARM.Build.0 = Release|Any CPU
		{20FDA6ED-B68E-4610-807B-F358668F181E}.Release|ARM.Deploy.0 = Release|Any CPU
		{20FDA6ED-B68E-4610-807B-F358668F181E}.Release|iPhone.ActiveCfg = Release|Any CPU
		{20FDA6ED-B68E-4610-807B-F358668F181E}.Release|iPhone.Build.0 = Release|Any CPU
		{20FDA6ED-B68E-4610-807B-F358668F181E}.Release|iPhone.Deploy.0 = Release|Any CPU
		{20FDA6ED-B68E-4610-807B-F358668F181E}.Release|iPhoneSimulator.ActiveCfg = Release|Any CPU
		{20FDA6ED-B68E-4610-807B-F358668F181E}.Release|iPhoneSimulator.Build.0 = Release|Any CPU
		{20FDA6ED-B68E-4610-807B-F358668F181E}.Release|iPhoneSimulator.Deploy.0 = Release|Any CPU
		{20FDA6ED-B68E-4610-807B-F358668F181E}.Release|x64.ActiveCfg = Release|Any CPU
		{20FDA6ED-B68E-4610-807B-F358668F181E}.Release|x64.Build.0 = Release|Any CPU
		{20FDA6ED-B68E-4610-807B-F358668F181E}.Release|x64.Deploy.0 = Release|Any CPU
		{20FDA6ED-B68E-4610-807B-F358668F181E}.Release|x86.ActiveCfg = Release|Any CPU
		{20FDA6ED-B68E-4610-807B-F358668F181E}.Release|x86.Build.0 = Release|Any CPU
		{20FDA6ED-B68E-4610-807B-F358668F181E}.Release|x86.Deploy.0 = Release|Any CPU
		{B445DF73-AC9E-4276-9FBA-7CB5AD5D2518}.Ad-Hoc|Any CPU.ActiveCfg = Release|Any CPU
		{B445DF73-AC9E-4276-9FBA-7CB5AD5D2518}.Ad-Hoc|Any CPU.Build.0 = Release|Any CPU
		{B445DF73-AC9E-4276-9FBA-7CB5AD5D2518}.Ad-Hoc|ARM.ActiveCfg = Release|Any CPU
		{B445DF73-AC9E-4276-9FBA-7CB5AD5D2518}.Ad-Hoc|ARM.Build.0 = Release|Any CPU
		{B445DF73-AC9E-4276-9FBA-7CB5AD5D2518}.Ad-Hoc|iPhone.ActiveCfg = Release|Any CPU
		{B445DF73-AC9E-4276-9FBA-7CB5AD5D2518}.Ad-Hoc|iPhone.Build.0 = Release|Any CPU
		{B445DF73-AC9E-4276-9FBA-7CB5AD5D2518}.Ad-Hoc|iPhoneSimulator.ActiveCfg = Release|Any CPU
		{B445DF73-AC9E-4276-9FBA-7CB5AD5D2518}.Ad-Hoc|iPhoneSimulator.Build.0 = Release|Any CPU
		{B445DF73-AC9E-4276-9FBA-7CB5AD5D2518}.Ad-Hoc|x64.ActiveCfg = Release|Any CPU
		{B445DF73-AC9E-4276-9FBA-7CB5AD5D2518}.Ad-Hoc|x64.Build.0 = Release|Any CPU
		{B445DF73-AC9E-4276-9FBA-7CB5AD5D2518}.Ad-Hoc|x86.ActiveCfg = Release|Any CPU
		{B445DF73-AC9E-4276-9FBA-7CB5AD5D2518}.Ad-Hoc|x86.Build.0 = Release|Any CPU
		{B445DF73-AC9E-4276-9FBA-7CB5AD5D2518}.AppStore|Any CPU.ActiveCfg = Release|Any CPU
		{B445DF73-AC9E-4276-9FBA-7CB5AD5D2518}.AppStore|Any CPU.Build.0 = Release|Any CPU
		{B445DF73-AC9E-4276-9FBA-7CB5AD5D2518}.AppStore|ARM.ActiveCfg = Release|Any CPU
		{B445DF73-AC9E-4276-9FBA-7CB5AD5D2518}.AppStore|ARM.Build.0 = Release|Any CPU
		{B445DF73-AC9E-4276-9FBA-7CB5AD5D2518}.AppStore|iPhone.ActiveCfg = Release|Any CPU
		{B445DF73-AC9E-4276-9FBA-7CB5AD5D2518}.AppStore|iPhone.Build.0 = Release|Any CPU
		{B445DF73-AC9E-4276-9FBA-7CB5AD5D2518}.AppStore|iPhoneSimulator.ActiveCfg = Release|Any CPU
		{B445DF73-AC9E-4276-9FBA-7CB5AD5D2518}.AppStore|iPhoneSimulator.Build.0 = Release|Any CPU
		{B445DF73-AC9E-4276-9FBA-7CB5AD5D2518}.AppStore|x64.ActiveCfg = Release|Any CPU
		{B445DF73-AC9E-4276-9FBA-7CB5AD5D2518}.AppStore|x64.Build.0 = Release|Any CPU
		{B445DF73-AC9E-4276-9FBA-7CB5AD5D2518}.AppStore|x86.ActiveCfg = Release|Any CPU
		{B445DF73-AC9E-4276-9FBA-7CB5AD5D2518}.AppStore|x86.Build.0 = Release|Any CPU
		{B445DF73-AC9E-4276-9FBA-7CB5AD5D2518}.Debug|Any CPU.ActiveCfg = Debug|Any CPU
		{B445DF73-AC9E-4276-9FBA-7CB5AD5D2518}.Debug|Any CPU.Build.0 = Debug|Any CPU
		{B445DF73-AC9E-4276-9FBA-7CB5AD5D2518}.Debug|ARM.ActiveCfg = Debug|Any CPU
		{B445DF73-AC9E-4276-9FBA-7CB5AD5D2518}.Debug|ARM.Build.0 = Debug|Any CPU
		{B445DF73-AC9E-4276-9FBA-7CB5AD5D2518}.Debug|iPhone.ActiveCfg = Debug|Any CPU
		{B445DF73-AC9E-4276-9FBA-7CB5AD5D2518}.Debug|iPhone.Build.0 = Debug|Any CPU
		{B445DF73-AC9E-4276-9FBA-7CB5AD5D2518}.Debug|iPhoneSimulator.ActiveCfg = Debug|Any CPU
		{B445DF73-AC9E-4276-9FBA-7CB5AD5D2518}.Debug|iPhoneSimulator.Build.0 = Debug|Any CPU
		{B445DF73-AC9E-4276-9FBA-7CB5AD5D2518}.Debug|x64.ActiveCfg = Debug|Any CPU
		{B445DF73-AC9E-4276-9FBA-7CB5AD5D2518}.Debug|x64.Build.0 = Debug|Any CPU
		{B445DF73-AC9E-4276-9FBA-7CB5AD5D2518}.Debug|x86.ActiveCfg = Debug|Any CPU
		{B445DF73-AC9E-4276-9FBA-7CB5AD5D2518}.Debug|x86.Build.0 = Debug|Any CPU
		{B445DF73-AC9E-4276-9FBA-7CB5AD5D2518}.Release|Any CPU.ActiveCfg = Release|Any CPU
		{B445DF73-AC9E-4276-9FBA-7CB5AD5D2518}.Release|Any CPU.Build.0 = Release|Any CPU
		{B445DF73-AC9E-4276-9FBA-7CB5AD5D2518}.Release|ARM.ActiveCfg = Release|Any CPU
		{B445DF73-AC9E-4276-9FBA-7CB5AD5D2518}.Release|ARM.Build.0 = Release|Any CPU
		{B445DF73-AC9E-4276-9FBA-7CB5AD5D2518}.Release|iPhone.ActiveCfg = Release|Any CPU
		{B445DF73-AC9E-4276-9FBA-7CB5AD5D2518}.Release|iPhone.Build.0 = Release|Any CPU
		{B445DF73-AC9E-4276-9FBA-7CB5AD5D2518}.Release|iPhoneSimulator.ActiveCfg = Release|Any CPU
		{B445DF73-AC9E-4276-9FBA-7CB5AD5D2518}.Release|iPhoneSimulator.Build.0 = Release|Any CPU
		{B445DF73-AC9E-4276-9FBA-7CB5AD5D2518}.Release|x64.ActiveCfg = Release|Any CPU
		{B445DF73-AC9E-4276-9FBA-7CB5AD5D2518}.Release|x64.Build.0 = Release|Any CPU
		{B445DF73-AC9E-4276-9FBA-7CB5AD5D2518}.Release|x86.ActiveCfg = Release|Any CPU
		{B445DF73-AC9E-4276-9FBA-7CB5AD5D2518}.Release|x86.Build.0 = Release|Any CPU
	EndGlobalSection
	GlobalSection(SolutionProperties) = preSolution
		HideSolutionNode = FALSE
	EndGlobalSection
	GlobalSection(ExtensibilityGlobals) = postSolution
		SolutionGuid = {F6D05029-56B8-4E45-AF2D-0E76295DDBA2}
	EndGlobalSection
EndGlobal
